
Microsoft Visual Studio Solution File, Format Version 12.00
# Visual Studio Version 17
VisualStudioVersion = 17.0.31903.59
MinimumVisualStudioVersion = 10.0.40219.1
Project("{2150E333-8FDC-42A3-9474-1A3956D46DE8}") = "src", "src", "{A1000000-0000-0000-0000-000000000001}"
EndProject
Project("{FAE04EC0-301F-11D3-BF4B-00C04F79EFBC}") = "Spectra.Contracts", "src\Spectra.Contracts\Spectra.Contracts.csproj", "{B1000000-0000-0000-0000-000000000001}"
EndProject
Project("{FAE04EC0-301F-11D3-BF4B-00C04F79EFBC}") = "Spectra.Kernel", "src\Spectra.Kernel\Spectra.Kernel.csproj", "{B1000000-0000-0000-0000-000000000002}"
EndProject
Project("{FAE04EC0-301F-11D3-BF4B-00C04F79EFBC}") = "Spectra.Extensions", "src\Spectra.Extensions\Spectra.Extensions.csproj", "{B1000000-0000-0000-0000-000000000003}"
EndProject
Project("{FAE04EC0-301F-11D3-BF4B-00C04F79EFBC}") = "Spectra", "src\Spectra\Spectra.csproj", "{B1000000-0000-0000-0000-000000000004}"
EndProject
Project("{FAE04EC0-301F-11D3-BF4B-00C04F79EFBC}") = "Spectra.AspNetCore", "src\Spectra.AspNetCore\Spectra.AspNetCore.csproj", "{B1000000-0000-0000-0000-000000000011}"
EndProject
Project("{2150E333-8FDC-42A3-9474-1A3956D46DE8}") = "hosts", "hosts", "{A1000000-0000-0000-0000-000000000002}"
EndProject
Project("{FAE04EC0-301F-11D3-BF4B-00C04F79EFBC}") = "Spectra.Api", "hosts\Spectra.Api\Spectra.Api.csproj", "{B1000000-0000-0000-0000-000000000006}"
EndProject
Project("{2150E333-8FDC-42A3-9474-1A3956D46DE8}") = "samples", "samples", "{A1000000-0000-0000-0000-000000000003}"
EndProject
Project("{FAE04EC0-301F-11D3-BF4B-00C04F79EFBC}") = "HelloWorld", "samples\HelloWorld\HelloWorld.csproj", "{B1000000-0000-0000-0000-000000000007}"
EndProject
Project("{FAE04EC0-301F-11D3-BF4B-00C04F79EFBC}") = "MultiAgent", "samples\MultiAgent\MultiAgent.csproj", "{B1000000-0000-0000-0000-000000000009}"
EndProject
Project("{2150E333-8FDC-42A3-9474-1A3956D46DE8}") = "tests", "tests", "{A1000000-0000-0000-0000-000000000004}"
EndProject
Project("{FAE04EC0-301F-11D3-BF4B-00C04F79EFBC}") = "Spectra.Tests", "tests\Spectra.Tests\Spectra.Tests.csproj", "{B1000000-0000-0000-0000-000000000010}"
EndProject
Project("{2150E333-8FDC-42A3-9474-1A3956D46DE8}") = "docs", "docs", "{A1000000-0000-0000-0000-000000000005}"
EndProject
Project("{FAE04EC0-301F-11D3-BF4B-00C04F79EFBC}") = "BranchingWorkflow", "samples\BranchingWorkflow\BranchingWorkflow.csproj", "{13F68F3E-CB3A-4045-82F5-01A867DCF260}"
EndProject
Project("{FAE04EC0-301F-11D3-BF4B-00C04F79EFBC}") = "ParallelFanOut", "samples\ParallelFanOut\ParallelFanOut.csproj", "{CC01E5BE-B8AE-41F6-8EB8-9BC5C7B9DAE1}"
EndProject
Project("{FAE04EC0-301F-11D3-BF4B-00C04F79EFBC}") = "CyclicLoop", "samples\CyclicLoop\CyclicLoop.csproj", "{01140EC7-4890-4127-AC3E-AB007F7597D4}"
EndProject
Project("{FAE04EC0-301F-11D3-BF4B-00C04F79EFBC}") = "CheckpointResume", "samples\CheckpointResume\CheckpointResume.csproj", "{B86BACB0-2144-4394-BE39-1A7BC8741647}"
EndProject
Project("{FAE04EC0-301F-11D3-BF4B-00C04F79EFBC}") = "InterruptApproval", "samples\InterruptApproval\InterruptApproval.csproj", "{BF28EEE6-FEE7-49D1-A24D-D172B6385641}"
EndProject
Project("{FAE04EC0-301F-11D3-BF4B-00C04F79EFBC}") = "JsonVsCode", "samples\JsonVsCode\JsonVsCode.csproj", "{9AC768C7-F4E5-4780-85AB-EA586728F403}"
EndProject
Project("{FAE04EC0-301F-11D3-BF4B-00C04F79EFBC}") = "PromptBasic", "samples\PromptBasic\PromptBasic.csproj", "{7CD3C8C4-A8F0-4A0D-937B-76629D8EB1A3}"
EndProject
Project("{FAE04EC0-301F-11D3-BF4B-00C04F79EFBC}") = "StructuredOutput", "samples\StructuredOutput\StructuredOutput.csproj", "{0EDC1273-0BD6-432B-A9DC-9727DA3104FF}"
EndProject
Project("{FAE04EC0-301F-11D3-BF4B-00C04F79EFBC}") = "StreamingOutput", "samples\StreamingOutput\StreamingOutput.csproj", "{B44CECA6-92C1-4CAD-92D8-169FC1D9C6DB}"
EndProject
Project("{FAE04EC0-301F-11D3-BF4B-00C04F79EFBC}") = "SingleAgent", "samples\SingleAgent\SingleAgent.csproj", "{021B730B-6375-4389-8CAE-8CBAA1D24E9E}"
EndProject
Project("{FAE04EC0-301F-11D3-BF4B-00C04F79EFBC}") = "AgentWithMcp", "samples\AgentWithMcp\AgentWithMcp.csproj", "{81A8E328-39FA-4FB9-A064-971BA5CD254B}"
EndProject
Project("{FAE04EC0-301F-11D3-BF4B-00C04F79EFBC}") = "MemoryStoreRecall", "samples\MemoryStoreRecall\MemoryStoreRecall.csproj", "{4E59A59A-486B-4906-9E75-8C9E08F4CE8D}"
EndProject
Project("{FAE04EC0-301F-11D3-BF4B-00C04F79EFBC}") = "AgentWithFallback", "samples\AgentWithFallback\AgentWithFallback.csproj", "{947DBD09-52D3-4DE7-B372-2D16DFFED1AF}"
EndProject
Project("{FAE04EC0-301F-11D3-BF4B-00C04F79EFBC}") = "MultiAgentSupervisor", "samples\MultiAgentSupervisor\MultiAgentSupervisor.csproj", "{E7F40790-9320-4D86-AEA6-A1D94DEF277B}"
EndProject
Project("{FAE04EC0-301F-11D3-BF4B-00C04F79EFBC}") = "ResearchPipeline", "samples\ResearchPipeline\ResearchPipeline.csproj", "{CC90AE61-8B82-4BE7-977B-EC83902B6263}"
EndProject
Project("{FAE04EC0-301F-11D3-BF4B-00C04F79EFBC}") = "SubgraphComposition", "samples\SubgraphComposition\SubgraphComposition.csproj", "{BBAE6232-E73E-4CF5-AF7D-026F3AF50486}"
EndProject
Global
	GlobalSection(SolutionConfigurationPlatforms) = preSolution
		Debug|Any CPU = Debug|Any CPU
		Debug|x64 = Debug|x64
		Debug|x86 = Debug|x86
		Release|Any CPU = Release|Any CPU
		Release|x64 = Release|x64
		Release|x86 = Release|x86
	EndGlobalSection
	GlobalSection(ProjectConfigurationPlatforms) = postSolution
		{B1000000-0000-0000-0000-000000000001}.Debug|Any CPU.ActiveCfg = Debug|Any CPU
		{B1000000-0000-0000-0000-000000000001}.Debug|Any CPU.Build.0 = Debug|Any CPU
		{B1000000-0000-0000-0000-000000000001}.Debug|x64.ActiveCfg = Debug|Any CPU
		{B1000000-0000-0000-0000-000000000001}.Debug|x64.Build.0 = Debug|Any CPU
		{B1000000-0000-0000-0000-000000000001}.Debug|x86.ActiveCfg = Debug|Any CPU
		{B1000000-0000-0000-0000-000000000001}.Debug|x86.Build.0 = Debug|Any CPU
		{B1000000-0000-0000-0000-000000000001}.Release|Any CPU.ActiveCfg = Release|Any CPU
		{B1000000-0000-0000-0000-000000000001}.Release|Any CPU.Build.0 = Release|Any CPU
		{B1000000-0000-0000-0000-000000000001}.Release|x64.ActiveCfg = Release|Any CPU
		{B1000000-0000-0000-0000-000000000001}.Release|x64.Build.0 = Release|Any CPU
		{B1000000-0000-0000-0000-000000000001}.Release|x86.ActiveCfg = Release|Any CPU
		{B1000000-0000-0000-0000-000000000001}.Release|x86.Build.0 = Release|Any CPU
		{B1000000-0000-0000-0000-000000000002}.Debug|Any CPU.ActiveCfg = Debug|Any CPU
		{B1000000-0000-0000-0000-000000000002}.Debug|Any CPU.Build.0 = Debug|Any CPU
		{B1000000-0000-0000-0000-000000000002}.Debug|x64.ActiveCfg = Debug|Any CPU
		{B1000000-0000-0000-0000-000000000002}.Debug|x64.Build.0 = Debug|Any CPU
		{B1000000-0000-0000-0000-000000000002}.Debug|x86.ActiveCfg = Debug|Any CPU
		{B1000000-0000-0000-0000-000000000002}.Debug|x86.Build.0 = Debug|Any CPU
		{B1000000-0000-0000-0000-000000000002}.Release|Any CPU.ActiveCfg = Release|Any CPU
		{B1000000-0000-0000-0000-000000000002}.Release|Any CPU.Build.0 = Release|Any CPU
		{B1000000-0000-0000-0000-000000000002}.Release|x64.ActiveCfg = Release|Any CPU
		{B1000000-0000-0000-0000-000000000002}.Release|x64.Build.0 = Release|Any CPU
		{B1000000-0000-0000-0000-000000000002}.Release|x86.ActiveCfg = Release|Any CPU
		{B1000000-0000-0000-0000-000000000002}.Release|x86.Build.0 = Release|Any CPU
		{B1000000-0000-0000-0000-000000000003}.Debug|Any CPU.ActiveCfg = Debug|Any CPU
		{B1000000-0000-0000-0000-000000000003}.Debug|Any CPU.Build.0 = Debug|Any CPU
		{B1000000-0000-0000-0000-000000000003}.Debug|x64.ActiveCfg = Debug|Any CPU
		{B1000000-0000-0000-0000-000000000003}.Debug|x64.Build.0 = Debug|Any CPU
		{B1000000-0000-0000-0000-000000000003}.Debug|x86.ActiveCfg = Debug|Any CPU
		{B1000000-0000-0000-0000-000000000003}.Debug|x86.Build.0 = Debug|Any CPU
		{B1000000-0000-0000-0000-000000000003}.Release|Any CPU.ActiveCfg = Release|Any CPU
		{B1000000-0000-0000-0000-000000000003}.Release|Any CPU.Build.0 = Release|Any CPU
		{B1000000-0000-0000-0000-000000000003}.Release|x64.ActiveCfg = Release|Any CPU
		{B1000000-0000-0000-0000-000000000003}.Release|x64.Build.0 = Release|Any CPU
		{B1000000-0000-0000-0000-000000000003}.Release|x86.ActiveCfg = Release|Any CPU
		{B1000000-0000-0000-0000-000000000003}.Release|x86.Build.0 = Release|Any CPU
		{B1000000-0000-0000-0000-000000000004}.Debug|Any CPU.ActiveCfg = Debug|Any CPU
		{B1000000-0000-0000-0000-000000000004}.Debug|Any CPU.Build.0 = Debug|Any CPU
		{B1000000-0000-0000-0000-000000000004}.Debug|x64.ActiveCfg = Debug|Any CPU
		{B1000000-0000-0000-0000-000000000004}.Debug|x64.Build.0 = Debug|Any CPU
		{B1000000-0000-0000-0000-000000000004}.Debug|x86.ActiveCfg = Debug|Any CPU
		{B1000000-0000-0000-0000-000000000004}.Debug|x86.Build.0 = Debug|Any CPU
		{B1000000-0000-0000-0000-000000000004}.Release|Any CPU.ActiveCfg = Release|Any CPU
		{B1000000-0000-0000-0000-000000000004}.Release|Any CPU.Build.0 = Release|Any CPU
		{B1000000-0000-0000-0000-000000000004}.Release|x64.ActiveCfg = Release|Any CPU
		{B1000000-0000-0000-0000-000000000004}.Release|x64.Build.0 = Release|Any CPU
		{B1000000-0000-0000-0000-000000000004}.Release|x86.ActiveCfg = Release|Any CPU
		{B1000000-0000-0000-0000-000000000004}.Release|x86.Build.0 = Release|Any CPU
		{B1000000-0000-0000-0000-000000000011}.Debug|Any CPU.ActiveCfg = Debug|Any CPU
		{B1000000-0000-0000-0000-000000000011}.Debug|Any CPU.Build.0 = Debug|Any CPU
		{B1000000-0000-0000-0000-000000000011}.Debug|x64.ActiveCfg = Debug|Any CPU
		{B1000000-0000-0000-0000-000000000011}.Debug|x64.Build.0 = Debug|Any CPU
		{B1000000-0000-0000-0000-000000000011}.Debug|x86.ActiveCfg = Debug|Any CPU
		{B1000000-0000-0000-0000-000000000011}.Debug|x86.Build.0 = Debug|Any CPU
		{B1000000-0000-0000-0000-000000000011}.Release|Any CPU.ActiveCfg = Release|Any CPU
		{B1000000-0000-0000-0000-000000000011}.Release|Any CPU.Build.0 = Release|Any CPU
		{B1000000-0000-0000-0000-000000000011}.Release|x64.ActiveCfg = Release|Any CPU
		{B1000000-0000-0000-0000-000000000011}.Release|x64.Build.0 = Release|Any CPU
		{B1000000-0000-0000-0000-000000000011}.Release|x86.ActiveCfg = Release|Any CPU
		{B1000000-0000-0000-0000-000000000011}.Release|x86.Build.0 = Release|Any CPU
		{B1000000-0000-0000-0000-000000000006}.Debug|Any CPU.ActiveCfg = Debug|Any CPU
		{B1000000-0000-0000-0000-000000000006}.Debug|Any CPU.Build.0 = Debug|Any CPU
		{B1000000-0000-0000-0000-000000000006}.Debug|x64.ActiveCfg = Debug|Any CPU
		{B1000000-0000-0000-0000-000000000006}.Debug|x64.Build.0 = Debug|Any CPU
		{B1000000-0000-0000-0000-000000000006}.Debug|x86.ActiveCfg = Debug|Any CPU
		{B1000000-0000-0000-0000-000000000006}.Debug|x86.Build.0 = Debug|Any CPU
		{B1000000-0000-0000-0000-000000000006}.Release|Any CPU.ActiveCfg = Release|Any CPU
		{B1000000-0000-0000-0000-000000000006}.Release|Any CPU.Build.0 = Release|Any CPU
		{B1000000-0000-0000-0000-000000000006}.Release|x64.ActiveCfg = Release|Any CPU
		{B1000000-0000-0000-0000-000000000006}.Release|x64.Build.0 = Release|Any CPU
		{B1000000-0000-0000-0000-000000000006}.Release|x86.ActiveCfg = Release|Any CPU
		{B1000000-0000-0000-0000-000000000006}.Release|x86.Build.0 = Release|Any CPU
		{B1000000-0000-0000-0000-000000000007}.Debug|Any CPU.ActiveCfg = Debug|Any CPU
		{B1000000-0000-0000-0000-000000000007}.Debug|Any CPU.Build.0 = Debug|Any CPU
		{B1000000-0000-0000-0000-000000000007}.Debug|x64.ActiveCfg = Debug|Any CPU
		{B1000000-0000-0000-0000-000000000007}.Debug|x64.Build.0 = Debug|Any CPU
		{B1000000-0000-0000-0000-000000000007}.Debug|x86.ActiveCfg = Debug|Any CPU
		{B1000000-0000-0000-0000-000000000007}.Debug|x86.Build.0 = Debug|Any CPU
		{B1000000-0000-0000-0000-000000000007}.Release|Any CPU.ActiveCfg = Release|Any CPU
		{B1000000-0000-0000-0000-000000000007}.Release|Any CPU.Build.0 = Release|Any CPU
		{B1000000-0000-0000-0000-000000000007}.Release|x64.ActiveCfg = Release|Any CPU
		{B1000000-0000-0000-0000-000000000007}.Release|x64.Build.0 = Release|Any CPU
		{B1000000-0000-0000-0000-000000000007}.Release|x86.ActiveCfg = Release|Any CPU
		{B1000000-0000-0000-0000-000000000007}.Release|x86.Build.0 = Release|Any CPU
		{B1000000-0000-0000-0000-000000000009}.Debug|Any CPU.ActiveCfg = Debug|Any CPU
		{B1000000-0000-0000-0000-000000000009}.Debug|Any CPU.Build.0 = Debug|Any CPU
		{B1000000-0000-0000-0000-000000000009}.Debug|x64.ActiveCfg = Debug|Any CPU
		{B1000000-0000-0000-0000-000000000009}.Debug|x64.Build.0 = Debug|Any CPU
		{B1000000-0000-0000-0000-000000000009}.Debug|x86.ActiveCfg = Debug|Any CPU
		{B1000000-0000-0000-0000-000000000009}.Debug|x86.Build.0 = Debug|Any CPU
		{B1000000-0000-0000-0000-000000000009}.Release|Any CPU.ActiveCfg = Release|Any CPU
		{B1000000-0000-0000-0000-000000000009}.Release|Any CPU.Build.0 = Release|Any CPU
		{B1000000-0000-0000-0000-000000000009}.Release|x64.ActiveCfg = Release|Any CPU
		{B1000000-0000-0000-0000-000000000009}.Release|x64.Build.0 = Release|Any CPU
		{B1000000-0000-0000-0000-000000000009}.Release|x86.ActiveCfg = Release|Any CPU
		{B1000000-0000-0000-0000-000000000009}.Release|x86.Build.0 = Release|Any CPU
		{B1000000-0000-0000-0000-000000000010}.Debug|Any CPU.ActiveCfg = Debug|Any CPU
		{B1000000-0000-0000-0000-000000000010}.Debug|Any CPU.Build.0 = Debug|Any CPU
		{B1000000-0000-0000-0000-000000000010}.Debug|x64.ActiveCfg = Debug|Any CPU
		{B1000000-0000-0000-0000-000000000010}.Debug|x64.Build.0 = Debug|Any CPU
		{B1000000-0000-0000-0000-000000000010}.Debug|x86.ActiveCfg = Debug|Any CPU
		{B1000000-0000-0000-0000-000000000010}.Debug|x86.Build.0 = Debug|Any CPU
		{B1000000-0000-0000-0000-000000000010}.Release|Any CPU.ActiveCfg = Release|Any CPU
		{B1000000-0000-0000-0000-000000000010}.Release|Any CPU.Build.0 = Release|Any CPU
		{B1000000-0000-0000-0000-000000000010}.Release|x64.ActiveCfg = Release|Any CPU
		{B1000000-0000-0000-0000-000000000010}.Release|x64.Build.0 = Release|Any CPU
		{B1000000-0000-0000-0000-000000000010}.Release|x86.ActiveCfg = Release|Any CPU
		{B1000000-0000-0000-0000-000000000010}.Release|x86.Build.0 = Release|Any CPU
		{13F68F3E-CB3A-4045-82F5-01A867DCF260}.Debug|Any CPU.ActiveCfg = Debug|Any CPU
		{13F68F3E-CB3A-4045-82F5-01A867DCF260}.Debug|Any CPU.Build.0 = Debug|Any CPU
		{13F68F3E-CB3A-4045-82F5-01A867DCF260}.Debug|x64.ActiveCfg = Debug|Any CPU
		{13F68F3E-CB3A-4045-82F5-01A867DCF260}.Debug|x64.Build.0 = Debug|Any CPU
		{13F68F3E-CB3A-4045-82F5-01A867DCF260}.Debug|x86.ActiveCfg = Debug|Any CPU
		{13F68F3E-CB3A-4045-82F5-01A867DCF260}.Debug|x86.Build.0 = Debug|Any CPU
		{13F68F3E-CB3A-4045-82F5-01A867DCF260}.Release|Any CPU.ActiveCfg = Release|Any CPU
		{13F68F3E-CB3A-4045-82F5-01A867DCF260}.Release|Any CPU.Build.0 = Release|Any CPU
		{13F68F3E-CB3A-4045-82F5-01A867DCF260}.Release|x64.ActiveCfg = Release|Any CPU
		{13F68F3E-CB3A-4045-82F5-01A867DCF260}.Release|x64.Build.0 = Release|Any CPU
		{13F68F3E-CB3A-4045-82F5-01A867DCF260}.Release|x86.ActiveCfg = Release|Any CPU
		{13F68F3E-CB3A-4045-82F5-01A867DCF260}.Release|x86.Build.0 = Release|Any CPU
		{CC01E5BE-B8AE-41F6-8EB8-9BC5C7B9DAE1}.Debug|Any CPU.ActiveCfg = Debug|Any CPU
		{CC01E5BE-B8AE-41F6-8EB8-9BC5C7B9DAE1}.Debug|Any CPU.Build.0 = Debug|Any CPU
		{CC01E5BE-B8AE-41F6-8EB8-9BC5C7B9DAE1}.Debug|x64.ActiveCfg = Debug|Any CPU
		{CC01E5BE-B8AE-41F6-8EB8-9BC5C7B9DAE1}.Debug|x64.Build.0 = Debug|Any CPU
		{CC01E5BE-B8AE-41F6-8EB8-9BC5C7B9DAE1}.Debug|x86.ActiveCfg = Debug|Any CPU
		{CC01E5BE-B8AE-41F6-8EB8-9BC5C7B9DAE1}.Debug|x86.Build.0 = Debug|Any CPU
		{CC01E5BE-B8AE-41F6-8EB8-9BC5C7B9DAE1}.Release|Any CPU.ActiveCfg = Release|Any CPU
		{CC01E5BE-B8AE-41F6-8EB8-9BC5C7B9DAE1}.Release|Any CPU.Build.0 = Release|Any CPU
		{CC01E5BE-B8AE-41F6-8EB8-9BC5C7B9DAE1}.Release|x64.ActiveCfg = Release|Any CPU
		{CC01E5BE-B8AE-41F6-8EB8-9BC5C7B9DAE1}.Release|x64.Build.0 = Release|Any CPU
		{CC01E5BE-B8AE-41F6-8EB8-9BC5C7B9DAE1}.Release|x86.ActiveCfg = Release|Any CPU
		{CC01E5BE-B8AE-41F6-8EB8-9BC5C7B9DAE1}.Release|x86.Build.0 = Release|Any CPU
		{01140EC7-4890-4127-AC3E-AB007F7597D4}.Debug|Any CPU.ActiveCfg = Debug|Any CPU
		{01140EC7-4890-4127-AC3E-AB007F7597D4}.Debug|Any CPU.Build.0 = Debug|Any CPU
		{01140EC7-4890-4127-AC3E-AB007F7597D4}.Debug|x64.ActiveCfg = Debug|Any CPU
		{01140EC7-4890-4127-AC3E-AB007F7597D4}.Debug|x64.Build.0 = Debug|Any CPU
		{01140EC7-4890-4127-AC3E-AB007F7597D4}.Debug|x86.ActiveCfg = Debug|Any CPU
		{01140EC7-4890-4127-AC3E-AB007F7597D4}.Debug|x86.Build.0 = Debug|Any CPU
		{01140EC7-4890-4127-AC3E-AB007F7597D4}.Release|Any CPU.ActiveCfg = Release|Any CPU
		{01140EC7-4890-4127-AC3E-AB007F7597D4}.Release|Any CPU.Build.0 = Release|Any CPU
		{01140EC7-4890-4127-AC3E-AB007F7597D4}.Release|x64.ActiveCfg = Release|Any CPU
		{01140EC7-4890-4127-AC3E-AB007F7597D4}.Release|x64.Build.0 = Release|Any CPU
		{01140EC7-4890-4127-AC3E-AB007F7597D4}.Release|x86.ActiveCfg = Release|Any CPU
		{01140EC7-4890-4127-AC3E-AB007F7597D4}.Release|x86.Build.0 = Release|Any CPU
		{B86BACB0-2144-4394-BE39-1A7BC8741647}.Debug|Any CPU.ActiveCfg = Debug|Any CPU
		{B86BACB0-2144-4394-BE39-1A7BC8741647}.Debug|Any CPU.Build.0 = Debug|Any CPU
		{B86BACB0-2144-4394-BE39-1A7BC8741647}.Debug|x64.ActiveCfg = Debug|Any CPU
		{B86BACB0-2144-4394-BE39-1A7BC8741647}.Debug|x64.Build.0 = Debug|Any CPU
		{B86BACB0-2144-4394-BE39-1A7BC8741647}.Debug|x86.ActiveCfg = Debug|Any CPU
		{B86BACB0-2144-4394-BE39-1A7BC8741647}.Debug|x86.Build.0 = Debug|Any CPU
		{B86BACB0-2144-4394-BE39-1A7BC8741647}.Release|Any CPU.ActiveCfg = Release|Any CPU
		{B86BACB0-2144-4394-BE39-1A7BC8741647}.Release|Any CPU.Build.0 = Release|Any CPU
		{B86BACB0-2144-4394-BE39-1A7BC8741647}.Release|x64.ActiveCfg = Release|Any CPU
		{B86BACB0-2144-4394-BE39-1A7BC8741647}.Release|x64.Build.0 = Release|Any CPU
		{B86BACB0-2144-4394-BE39-1A7BC8741647}.Release|x86.ActiveCfg = Release|Any CPU
		{B86BACB0-2144-4394-BE39-1A7BC8741647}.Release|x86.Build.0 = Release|Any CPU
		{BF28EEE6-FEE7-49D1-A24D-D172B6385641}.Debug|Any CPU.ActiveCfg = Debug|Any CPU
		{BF28EEE6-FEE7-49D1-A24D-D172B6385641}.Debug|Any CPU.Build.0 = Debug|Any CPU
		{BF28EEE6-FEE7-49D1-A24D-D172B6385641}.Debug|x64.ActiveCfg = Debug|Any CPU
		{BF28EEE6-FEE7-49D1-A24D-D172B6385641}.Debug|x64.Build.0 = Debug|Any CPU
		{BF28EEE6-FEE7-49D1-A24D-D172B6385641}.Debug|x86.ActiveCfg = Debug|Any CPU
		{BF28EEE6-FEE7-49D1-A24D-D172B6385641}.Debug|x86.Build.0 = Debug|Any CPU
		{BF28EEE6-FEE7-49D1-A24D-D172B6385641}.Release|Any CPU.ActiveCfg = Release|Any CPU
		{BF28EEE6-FEE7-49D1-A24D-D172B6385641}.Release|Any CPU.Build.0 = Release|Any CPU
		{BF28EEE6-FEE7-49D1-A24D-D172B6385641}.Release|x64.ActiveCfg = Release|Any CPU
		{BF28EEE6-FEE7-49D1-A24D-D172B6385641}.Release|x64.Build.0 = Release|Any CPU
		{BF28EEE6-FEE7-49D1-A24D-D172B6385641}.Release|x86.ActiveCfg = Release|Any CPU
		{BF28EEE6-FEE7-49D1-A24D-D172B6385641}.Release|x86.Build.0 = Release|Any CPU
		{9AC768C7-F4E5-4780-85AB-EA586728F403}.Debug|Any CPU.ActiveCfg = Debug|Any CPU
		{9AC768C7-F4E5-4780-85AB-EA586728F403}.Debug|Any CPU.Build.0 = Debug|Any CPU
		{9AC768C7-F4E5-4780-85AB-EA586728F403}.Debug|x64.ActiveCfg = Debug|Any CPU
		{9AC768C7-F4E5-4780-85AB-EA586728F403}.Debug|x64.Build.0 = Debug|Any CPU
		{9AC768C7-F4E5-4780-85AB-EA586728F403}.Debug|x86.ActiveCfg = Debug|Any CPU
		{9AC768C7-F4E5-4780-85AB-EA586728F403}.Debug|x86.Build.0 = Debug|Any CPU
		{9AC768C7-F4E5-4780-85AB-EA586728F403}.Release|Any CPU.ActiveCfg = Release|Any CPU
		{9AC768C7-F4E5-4780-85AB-EA586728F403}.Release|Any CPU.Build.0 = Release|Any CPU
		{9AC768C7-F4E5-4780-85AB-EA586728F403}.Release|x64.ActiveCfg = Release|Any CPU
		{9AC768C7-F4E5-4780-85AB-EA586728F403}.Release|x64.Build.0 = Release|Any CPU
		{9AC768C7-F4E5-4780-85AB-EA586728F403}.Release|x86.ActiveCfg = Release|Any CPU
		{9AC768C7-F4E5-4780-85AB-EA586728F403}.Release|x86.Build.0 = Release|Any CPU
		{7CD3C8C4-A8F0-4A0D-937B-76629D8EB1A3}.Debug|Any CPU.ActiveCfg = Debug|Any CPU
		{7CD3C8C4-A8F0-4A0D-937B-76629D8EB1A3}.Debug|Any CPU.Build.0 = Debug|Any CPU
		{7CD3C8C4-A8F0-4A0D-937B-76629D8EB1A3}.Debug|x64.ActiveCfg = Debug|Any CPU
		{7CD3C8C4-A8F0-4A0D-937B-76629D8EB1A3}.Debug|x64.Build.0 = Debug|Any CPU
		{7CD3C8C4-A8F0-4A0D-937B-76629D8EB1A3}.Debug|x86.ActiveCfg = Debug|Any CPU
		{7CD3C8C4-A8F0-4A0D-937B-76629D8EB1A3}.Debug|x86.Build.0 = Debug|Any CPU
		{7CD3C8C4-A8F0-4A0D-937B-76629D8EB1A3}.Release|Any CPU.ActiveCfg = Release|Any CPU
		{7CD3C8C4-A8F0-4A0D-937B-76629D8EB1A3}.Release|Any CPU.Build.0 = Release|Any CPU
		{7CD3C8C4-A8F0-4A0D-937B-76629D8EB1A3}.Release|x64.ActiveCfg = Release|Any CPU
		{7CD3C8C4-A8F0-4A0D-937B-76629D8EB1A3}.Release|x64.Build.0 = Release|Any CPU
		{7CD3C8C4-A8F0-4A0D-937B-76629D8EB1A3}.Release|x86.ActiveCfg = Release|Any CPU
		{7CD3C8C4-A8F0-4A0D-937B-76629D8EB1A3}.Release|x86.Build.0 = Release|Any CPU
		{0EDC1273-0BD6-432B-A9DC-9727DA3104FF}.Debug|Any CPU.ActiveCfg = Debug|Any CPU
		{0EDC1273-0BD6-432B-A9DC-9727DA3104FF}.Debug|Any CPU.Build.0 = Debug|Any CPU
		{0EDC1273-0BD6-432B-A9DC-9727DA3104FF}.Debug|x64.ActiveCfg = Debug|Any CPU
		{0EDC1273-0BD6-432B-A9DC-9727DA3104FF}.Debug|x64.Build.0 = Debug|Any CPU
		{0EDC1273-0BD6-432B-A9DC-9727DA3104FF}.Debug|x86.ActiveCfg = Debug|Any CPU
		{0EDC1273-0BD6-432B-A9DC-9727DA3104FF}.Debug|x86.Build.0 = Debug|Any CPU
		{0EDC1273-0BD6-432B-A9DC-9727DA3104FF}.Release|Any CPU.ActiveCfg = Release|Any CPU
		{0EDC1273-0BD6-432B-A9DC-9727DA3104FF}.Release|Any CPU.Build.0 = Release|Any CPU
		{0EDC1273-0BD6-432B-A9DC-9727DA3104FF}.Release|x64.ActiveCfg = Release|Any CPU
		{0EDC1273-0BD6-432B-A9DC-9727DA3104FF}.Release|x64.Build.0 = Release|Any CPU
		{0EDC1273-0BD6-432B-A9DC-9727DA3104FF}.Release|x86.ActiveCfg = Release|Any CPU
		{0EDC1273-0BD6-432B-A9DC-9727DA3104FF}.Release|x86.Build.0 = Release|Any CPU
		{B44CECA6-92C1-4CAD-92D8-169FC1D9C6DB}.Debug|Any CPU.ActiveCfg = Debug|Any CPU
		{B44CECA6-92C1-4CAD-92D8-169FC1D9C6DB}.Debug|Any CPU.Build.0 = Debug|Any CPU
		{B44CECA6-92C1-4CAD-92D8-169FC1D9C6DB}.Debug|x64.ActiveCfg = Debug|Any CPU
		{B44CECA6-92C1-4CAD-92D8-169FC1D9C6DB}.Debug|x64.Build.0 = Debug|Any CPU
		{B44CECA6-92C1-4CAD-92D8-169FC1D9C6DB}.Debug|x86.ActiveCfg = Debug|Any CPU
		{B44CECA6-92C1-4CAD-92D8-169FC1D9C6DB}.Debug|x86.Build.0 = Debug|Any CPU
		{B44CECA6-92C1-4CAD-92D8-169FC1D9C6DB}.Release|Any CPU.ActiveCfg = Release|Any CPU
		{B44CECA6-92C1-4CAD-92D8-169FC1D9C6DB}.Release|Any CPU.Build.0 = Release|Any CPU
		{B44CECA6-92C1-4CAD-92D8-169FC1D9C6DB}.Release|x64.ActiveCfg = Release|Any CPU
		{B44CECA6-92C1-4CAD-92D8-169FC1D9C6DB}.Release|x64.Build.0 = Release|Any CPU
		{B44CECA6-92C1-4CAD-92D8-169FC1D9C6DB}.Release|x86.ActiveCfg = Release|Any CPU
		{B44CECA6-92C1-4CAD-92D8-169FC1D9C6DB}.Release|x86.Build.0 = Release|Any CPU
		{021B730B-6375-4389-8CAE-8CBAA1D24E9E}.Debug|Any CPU.ActiveCfg = Debug|Any CPU
		{021B730B-6375-4389-8CAE-8CBAA1D24E9E}.Debug|Any CPU.Build.0 = Debug|Any CPU
		{021B730B-6375-4389-8CAE-8CBAA1D24E9E}.Debug|x64.ActiveCfg = Debug|Any CPU
		{021B730B-6375-4389-8CAE-8CBAA1D24E9E}.Debug|x64.Build.0 = Debug|Any CPU
		{021B730B-6375-4389-8CAE-8CBAA1D24E9E}.Debug|x86.ActiveCfg = Debug|Any CPU
		{021B730B-6375-4389-8CAE-8CBAA1D24E9E}.Debug|x86.Build.0 = Debug|Any CPU
		{021B730B-6375-4389-8CAE-8CBAA1D24E9E}.Release|Any CPU.ActiveCfg = Release|Any CPU
		{021B730B-6375-4389-8CAE-8CBAA1D24E9E}.Release|Any CPU.Build.0 = Release|Any CPU
		{021B730B-6375-4389-8CAE-8CBAA1D24E9E}.Release|x64.ActiveCfg = Release|Any CPU
		{021B730B-6375-4389-8CAE-8CBAA1D24E9E}.Release|x64.Build.0 = Release|Any CPU
		{021B730B-6375-4389-8CAE-8CBAA1D24E9E}.Release|x86.ActiveCfg = Release|Any CPU
		{021B730B-6375-4389-8CAE-8CBAA1D24E9E}.Release|x86.Build.0 = Release|Any CPU
		{81A8E328-39FA-4FB9-A064-971BA5CD254B}.Debug|Any CPU.ActiveCfg = Debug|Any CPU
		{81A8E328-39FA-4FB9-A064-971BA5CD254B}.Debug|Any CPU.Build.0 = Debug|Any CPU
		{81A8E328-39FA-4FB9-A064-971BA5CD254B}.Debug|x64.ActiveCfg = Debug|Any CPU
		{81A8E328-39FA-4FB9-A064-971BA5CD254B}.Debug|x64.Build.0 = Debug|Any CPU
		{81A8E328-39FA-4FB9-A064-971BA5CD254B}.Debug|x86.ActiveCfg = Debug|Any CPU
		{81A8E328-39FA-4FB9-A064-971BA5CD254B}.Debug|x86.Build.0 = Debug|Any CPU
		{81A8E328-39FA-4FB9-A064-971BA5CD254B}.Release|Any CPU.ActiveCfg = Release|Any CPU
		{81A8E328-39FA-4FB9-A064-971BA5CD254B}.Release|Any CPU.Build.0 = Release|Any CPU
		{81A8E328-39FA-4FB9-A064-971BA5CD254B}.Release|x64.ActiveCfg = Release|Any CPU
		{81A8E328-39FA-4FB9-A064-971BA5CD254B}.Release|x64.Build.0 = Release|Any CPU
		{81A8E328-39FA-4FB9-A064-971BA5CD254B}.Release|x86.ActiveCfg = Release|Any CPU
		{81A8E328-39FA-4FB9-A064-971BA5CD254B}.Release|x86.Build.0 = Release|Any CPU
		{4E59A59A-486B-4906-9E75-8C9E08F4CE8D}.Debug|Any CPU.ActiveCfg = Debug|Any CPU
		{4E59A59A-486B-4906-9E75-8C9E08F4CE8D}.Debug|Any CPU.Build.0 = Debug|Any CPU
		{4E59A59A-486B-4906-9E75-8C9E08F4CE8D}.Debug|x64.ActiveCfg = Debug|Any CPU
		{4E59A59A-486B-4906-9E75-8C9E08F4CE8D}.Debug|x64.Build.0 = Debug|Any CPU
		{4E59A59A-486B-4906-9E75-8C9E08F4CE8D}.Debug|x86.ActiveCfg = Debug|Any CPU
		{4E59A59A-486B-4906-9E75-8C9E08F4CE8D}.Debug|x86.Build.0 = Debug|Any CPU
		{4E59A59A-486B-4906-9E75-8C9E08F4CE8D}.Release|Any CPU.ActiveCfg = Release|Any CPU
		{4E59A59A-486B-4906-9E75-8C9E08F4CE8D}.Release|Any CPU.Build.0 = Release|Any CPU
		{4E59A59A-486B-4906-9E75-8C9E08F4CE8D}.Release|x64.ActiveCfg = Release|Any CPU
		{4E59A59A-486B-4906-9E75-8C9E08F4CE8D}.Release|x64.Build.0 = Release|Any CPU
		{4E59A59A-486B-4906-9E75-8C9E08F4CE8D}.Release|x86.ActiveCfg = Release|Any CPU
		{4E59A59A-486B-4906-9E75-8C9E08F4CE8D}.Release|x86.Build.0 = Release|Any CPU
		{947DBD09-52D3-4DE7-B372-2D16DFFED1AF}.Debug|Any CPU.ActiveCfg = Debug|Any CPU
		{947DBD09-52D3-4DE7-B372-2D16DFFED1AF}.Debug|Any CPU.Build.0 = Debug|Any CPU
		{947DBD09-52D3-4DE7-B372-2D16DFFED1AF}.Debug|x64.ActiveCfg = Debug|Any CPU
		{947DBD09-52D3-4DE7-B372-2D16DFFED1AF}.Debug|x64.Build.0 = Debug|Any CPU
		{947DBD09-52D3-4DE7-B372-2D16DFFED1AF}.Debug|x86.ActiveCfg = Debug|Any CPU
		{947DBD09-52D3-4DE7-B372-2D16DFFED1AF}.Debug|x86.Build.0 = Debug|Any CPU
		{947DBD09-52D3-4DE7-B372-2D16DFFED1AF}.Release|Any CPU.ActiveCfg = Release|Any CPU
		{947DBD09-52D3-4DE7-B372-2D16DFFED1AF}.Release|Any CPU.Build.0 = Release|Any CPU
		{947DBD09-52D3-4DE7-B372-2D16DFFED1AF}.Release|x64.ActiveCfg = Release|Any CPU
		{947DBD09-52D3-4DE7-B372-2D16DFFED1AF}.Release|x64.Build.0 = Release|Any CPU
		{947DBD09-52D3-4DE7-B372-2D16DFFED1AF}.Release|x86.ActiveCfg = Release|Any CPU
		{947DBD09-52D3-4DE7-B372-2D16DFFED1AF}.Release|x86.Build.0 = Release|Any CPU
		{E7F40790-9320-4D86-AEA6-A1D94DEF277B}.Debug|Any CPU.ActiveCfg = Debug|Any CPU
		{E7F40790-9320-4D86-AEA6-A1D94DEF277B}.Debug|Any CPU.Build.0 = Debug|Any CPU
		{E7F40790-9320-4D86-AEA6-A1D94DEF277B}.Debug|x64.ActiveCfg = Debug|Any CPU
		{E7F40790-9320-4D86-AEA6-A1D94DEF277B}.Debug|x64.Build.0 = Debug|Any CPU
		{E7F40790-9320-4D86-AEA6-A1D94DEF277B}.Debug|x86.ActiveCfg = Debug|Any CPU
		{E7F40790-9320-4D86-AEA6-A1D94DEF277B}.Debug|x86.Build.0 = Debug|Any CPU
		{E7F40790-9320-4D86-AEA6-A1D94DEF277B}.Release|Any CPU.ActiveCfg = Release|Any CPU
		{E7F40790-9320-4D86-AEA6-A1D94DEF277B}.Release|Any CPU.Build.0 = Release|Any CPU
		{E7F40790-9320-4D86-AEA6-A1D94DEF277B}.Release|x64.ActiveCfg = Release|Any CPU
		{E7F40790-9320-4D86-AEA6-A1D94DEF277B}.Release|x64.Build.0 = Release|Any CPU
		{E7F40790-9320-4D86-AEA6-A1D94DEF277B}.Release|x86.ActiveCfg = Release|Any CPU
		{E7F40790-9320-4D86-AEA6-A1D94DEF277B}.Release|x86.Build.0 = Release|Any CPU
		{CC90AE61-8B82-4BE7-977B-EC83902B6263}.Debug|Any CPU.ActiveCfg = Debug|Any CPU
		{CC90AE61-8B82-4BE7-977B-EC83902B6263}.Debug|Any CPU.Build.0 = Debug|Any CPU
		{CC90AE61-8B82-4BE7-977B-EC83902B6263}.Debug|x64.ActiveCfg = Debug|Any CPU
		{CC90AE61-8B82-4BE7-977B-EC83902B6263}.Debug|x64.Build.0 = Debug|Any CPU
		{CC90AE61-8B82-4BE7-977B-EC83902B6263}.Debug|x86.ActiveCfg = Debug|Any CPU
		{CC90AE61-8B82-4BE7-977B-EC83902B6263}.Debug|x86.Build.0 = Debug|Any CPU
		{CC90AE61-8B82-4BE7-977B-EC83902B6263}.Release|Any CPU.ActiveCfg = Release|Any CPU
		{CC90AE61-8B82-4BE7-977B-EC83902B6263}.Release|Any CPU.Build.0 = Release|Any CPU
		{CC90AE61-8B82-4BE7-977B-EC83902B6263}.Release|x64.ActiveCfg = Release|Any CPU
		{CC90AE61-8B82-4BE7-977B-EC83902B6263}.Release|x64.Build.0 = Release|Any CPU
		{CC90AE61-8B82-4BE7-977B-EC83902B6263}.Release|x86.ActiveCfg = Release|Any CPU
		{CC90AE61-8B82-4BE7-977B-EC83902B6263}.Release|x86.Build.0 = Release|Any CPU
		{BBAE6232-E73E-4CF5-AF7D-026F3AF50486}.Debug|Any CPU.ActiveCfg = Debug|Any CPU
		{BBAE6232-E73E-4CF5-AF7D-026F3AF50486}.Debug|Any CPU.Build.0 = Debug|Any CPU
		{BBAE6232-E73E-4CF5-AF7D-026F3AF50486}.Debug|x64.ActiveCfg = Debug|Any CPU
		{BBAE6232-E73E-4CF5-AF7D-026F3AF50486}.Debug|x64.Build.0 = Debug|Any CPU
		{BBAE6232-E73E-4CF5-AF7D-026F3AF50486}.Debug|x86.ActiveCfg = Debug|Any CPU
		{BBAE6232-E73E-4CF5-AF7D-026F3AF50486}.Debug|x86.Build.0 = Debug|Any CPU
		{BBAE6232-E73E-4CF5-AF7D-026F3AF50486}.Release|Any CPU.ActiveCfg = Release|Any CPU
		{BBAE6232-E73E-4CF5-AF7D-026F3AF50486}.Release|Any CPU.Build.0 = Release|Any CPU
		{BBAE6232-E73E-4CF5-AF7D-026F3AF50486}.Release|x64.ActiveCfg = Release|Any CPU
		{BBAE6232-E73E-4CF5-AF7D-026F3AF50486}.Release|x64.Build.0 = Release|Any CPU
		{BBAE6232-E73E-4CF5-AF7D-026F3AF50486}.Release|x86.ActiveCfg = Release|Any CPU
		{BBAE6232-E73E-4CF5-AF7D-026F3AF50486}.Release|x86.Build.0 = Release|Any CPU
	EndGlobalSection
	GlobalSection(SolutionProperties) = preSolution
		HideSolutionNode = FALSE
	EndGlobalSection
	GlobalSection(NestedProjects) = preSolution
		{B1000000-0000-0000-0000-000000000001} = {A1000000-0000-0000-0000-000000000001}
		{B1000000-0000-0000-0000-000000000002} = {A1000000-0000-0000-0000-000000000001}
		{B1000000-0000-0000-0000-000000000003} = {A1000000-0000-0000-0000-000000000001}
		{B1000000-0000-0000-0000-000000000004} = {A1000000-0000-0000-0000-000000000001}
		{B1000000-0000-0000-0000-000000000011} = {A1000000-0000-0000-0000-000000000001}
		{B1000000-0000-0000-0000-000000000006} = {A1000000-0000-0000-0000-000000000002}
		{B1000000-0000-0000-0000-000000000007} = {A1000000-0000-0000-0000-000000000003}
		{B1000000-0000-0000-0000-000000000009} = {A1000000-0000-0000-0000-000000000003}
		{B1000000-0000-0000-0000-000000000010} = {A1000000-0000-0000-0000-000000000004}
		{13F68F3E-CB3A-4045-82F5-01A867DCF260} = {A1000000-0000-0000-0000-000000000003}
		{CC01E5BE-B8AE-41F6-8EB8-9BC5C7B9DAE1} = {A1000000-0000-0000-0000-000000000003}
		{01140EC7-4890-4127-AC3E-AB007F7597D4} = {A1000000-0000-0000-0000-000000000003}
		{B86BACB0-2144-4394-BE39-1A7BC8741647} = {A1000000-0000-0000-0000-000000000003}
		{BF28EEE6-FEE7-49D1-A24D-D172B6385641} = {A1000000-0000-0000-0000-000000000003}
		{9AC768C7-F4E5-4780-85AB-EA586728F403} = {A1000000-0000-0000-0000-000000000003}
		{7CD3C8C4-A8F0-4A0D-937B-76629D8EB1A3} = {A1000000-0000-0000-0000-000000000003}
		{0EDC1273-0BD6-432B-A9DC-9727DA3104FF} = {A1000000-0000-0000-0000-000000000003}
		{B44CECA6-92C1-4CAD-92D8-169FC1D9C6DB} = {A1000000-0000-0000-0000-000000000003}
		{021B730B-6375-4389-8CAE-8CBAA1D24E9E} = {A1000000-0000-0000-0000-000000000003}
		{81A8E328-39FA-4FB9-A064-971BA5CD254B} = {A1000000-0000-0000-0000-000000000003}
		{4E59A59A-486B-4906-9E75-8C9E08F4CE8D} = {A1000000-0000-0000-0000-000000000003}
		{947DBD09-52D3-4DE7-B372-2D16DFFED1AF} = {A1000000-0000-0000-0000-000000000003}
		{E7F40790-9320-4D86-AEA6-A1D94DEF277B} = {A1000000-0000-0000-0000-000000000003}
		{CC90AE61-8B82-4BE7-977B-EC83902B6263} = {A1000000-0000-0000-0000-000000000003}
		{BBAE6232-E73E-4CF5-AF7D-026F3AF50486} = {A1000000-0000-0000-0000-000000000003}
	EndGlobalSection
EndGlobal
